// !$*UTF8*$!
{
	archiveVersion = 1;
	classes = {
	};
	objectVersion = 56;
	objects = {

/* Begin PBXBuildFile section */
		F2C9484B29D23515007A8B9A /* AppDelegate.swift in Sources */ = {isa = PBXBuildFile; fileRef = F2C9484A29D23515007A8B9A /* AppDelegate.swift */; };
		F2C9484D29D23515007A8B9A /* SceneDelegate.swift in Sources */ = {isa = PBXBuildFile; fileRef = F2C9484C29D23515007A8B9A /* SceneDelegate.swift */; };
		F2C9484F29D23515007A8B9A /* MainViewController.swift in Sources */ = {isa = PBXBuildFile; fileRef = F2C9484E29D23515007A8B9A /* MainViewController.swift */; };
		F2C9485229D23515007A8B9A /* Main.storyboard in Resources */ = {isa = PBXBuildFile; fileRef = F2C9485029D23515007A8B9A /* Main.storyboard */; };
		F2C9485429D23516007A8B9A /* Assets.xcassets in Resources */ = {isa = PBXBuildFile; fileRef = F2C9485329D23516007A8B9A /* Assets.xcassets */; };
		F2C9485729D23516007A8B9A /* LaunchScreen.storyboard in Resources */ = {isa = PBXBuildFile; fileRef = F2C9485529D23516007A8B9A /* LaunchScreen.storyboard */; };
		F2C9485F29D24D67007A8B9A /* DrinksTableViewCell.swift in Sources */ = {isa = PBXBuildFile; fileRef = F2C9485E29D24D67007A8B9A /* DrinksTableViewCell.swift */; };
		F2C9486129D252BA007A8B9A /* NetworkManager.swift in Sources */ = {isa = PBXBuildFile; fileRef = F2C9486029D252BA007A8B9A /* NetworkManager.swift */; };
		F2C9486329D254F5007A8B9A /* DrinksModel.swift in Sources */ = {isa = PBXBuildFile; fileRef = F2C9486229D254F5007A8B9A /* DrinksModel.swift */; };
		F2C9486829D25A2B007A8B9A /* DataController.swift in Sources */ = {isa = PBXBuildFile; fileRef = F2C9486729D25A2B007A8B9A /* DataController.swift */; };
		F2C9486B29D25C9E007A8B9A /* DrinksApp.xcdatamodeld in Sources */ = {isa = PBXBuildFile; fileRef = F2C9486929D25C9E007A8B9A /* DrinksApp.xcdatamodeld */; };
/* End PBXBuildFile section */

/* Begin PBXFileReference section */
		F2C9484729D23515007A8B9A /* DrinksApp.app */ = {isa = PBXFileReference; explicitFileType = wrapper.application; includeInIndex = 0; path = DrinksApp.app; sourceTree = BUILT_PRODUCTS_DIR; };
		F2C9484A29D23515007A8B9A /* AppDelegate.swift */ = {isa = PBXFileReference; lastKnownFileType = sourcecode.swift; path = AppDelegate.swift; sourceTree = "<group>"; };
		F2C9484C29D23515007A8B9A /* SceneDelegate.swift */ = {isa = PBXFileReference; lastKnownFileType = sourcecode.swift; path = SceneDelegate.swift; sourceTree = "<group>"; };
		F2C9484E29D23515007A8B9A /* MainViewController.swift */ = {isa = PBXFileReference; lastKnownFileType = sourcecode.swift; path = MainViewController.swift; sourceTree = "<group>"; };
		F2C9485129D23515007A8B9A /* Base */ = {isa = PBXFileReference; lastKnownFileType = file.storyboard; name = Base; path = Base.lproj/Main.storyboard; sourceTree = "<group>"; };
		F2C9485329D23516007A8B9A /* Assets.xcassets */ = {isa = PBXFileReference; lastKnownFileType = folder.assetcatalog; path = Assets.xcassets; sourceTree = "<group>"; };
		F2C9485629D23516007A8B9A /* Base */ = {isa = PBXFileReference; lastKnownFileType = file.storyboard; name = Base; path = Base.lproj/LaunchScreen.storyboard; sourceTree = "<group>"; };
		F2C9485829D23516007A8B9A /* Info.plist */ = {isa = PBXFileReference; lastKnownFileType = text.plist.xml; path = Info.plist; sourceTree = "<group>"; };
		F2C9485E29D24D67007A8B9A /* DrinksTableViewCell.swift */ = {isa = PBXFileReference; lastKnownFileType = sourcecode.swift; path = DrinksTableViewCell.swift; sourceTree = "<group>"; };
		F2C9486029D252BA007A8B9A /* NetworkManager.swift */ = {isa = PBXFileReference; lastKnownFileType = sourcecode.swift; path = NetworkManager.swift; sourceTree = "<group>"; };
		F2C9486229D254F5007A8B9A /* DrinksModel.swift */ = {isa = PBXFileReference; lastKnownFileType = sourcecode.swift; path = DrinksModel.swift; sourceTree = "<group>"; };
		F2C9486729D25A2B007A8B9A /* DataController.swift */ = {isa = PBXFileReference; lastKnownFileType = sourcecode.swift; path = DataController.swift; sourceTree = "<group>"; };
		F2C9486A29D25C9E007A8B9A /* DrinksApp.xcdatamodel */ = {isa = PBXFileReference; lastKnownFileType = wrapper.xcdatamodel; path = DrinksApp.xcdatamodel; sourceTree = "<group>"; };
/* End PBXFileReference section */

/* Begin PBXFrameworksBuildPhase section */
		F2C9484429D23515007A8B9A /* Frameworks */ = {
			isa = PBXFrameworksBuildPhase;
			buildActionMask = 2147483647;
			files = (
			);
			runOnlyForDeploymentPostprocessing = 0;
		};
/* End PBXFrameworksBuildPhase section */

/* Begin PBXGroup section */
		F2B6615C29D476000015055B /* Model */ = {
			isa = PBXGroup;
			children = (
				F2C9486929D25C9E007A8B9A /* DrinksApp.xcdatamodeld */,
				F2C9486729D25A2B007A8B9A /* DataController.swift */,
				F2C9486229D254F5007A8B9A /* DrinksModel.swift */,
				F2C9486029D252BA007A8B9A /* NetworkManager.swift */,
			);
			path = Model;
			sourceTree = "<group>";
		};
		F2B6615D29D476050015055B /* View */ = {
			isa = PBXGroup;
			children = (
				F2C9485E29D24D67007A8B9A /* DrinksTableViewCell.swift */,
			);
			path = View;
			sourceTree = "<group>";
		};
		F2B6615E29D4760B0015055B /* Controller */ = {
			isa = PBXGroup;
			children = (
				F2C9484A29D23515007A8B9A /* AppDelegate.swift */,
				F2C9484E29D23515007A8B9A /* MainViewController.swift */,
				F2C9484C29D23515007A8B9A /* SceneDelegate.swift */,
			);
			path = Controller;
			sourceTree = "<group>";
		};
		F2C9483E29D23515007A8B9A = {
			isa = PBXGroup;
			children = (
				F2C9484929D23515007A8B9A /* DrinksApp */,
				F2C9484829D23515007A8B9A /* Products */,
			);
			sourceTree = "<group>";
		};
		F2C9484829D23515007A8B9A /* Products */ = {
			isa = PBXGroup;
			children = (
				F2C9484729D23515007A8B9A /* DrinksApp.app */,
			);
			name = Products;
			sourceTree = "<group>";
		};
		F2C9484929D23515007A8B9A /* DrinksApp */ = {
			isa = PBXGroup;
			children = (
				F2B6615E29D4760B0015055B /* Controller */,
				F2B6615D29D476050015055B /* View */,
				F2B6615C29D476000015055B /* Model */,
				F2C9485029D23515007A8B9A /* Main.storyboard */,
				F2C9485329D23516007A8B9A /* Assets.xcassets */,
				F2C9485529D23516007A8B9A /* LaunchScreen.storyboard */,
				F2C9485829D23516007A8B9A /* Info.plist */,
			);
			path = DrinksApp;
			sourceTree = "<group>";
		};
/* End PBXGroup section */

/* Begin PBXNativeTarget section */
		F2C9484629D23515007A8B9A /* DrinksApp */ = {
			isa = PBXNativeTarget;
			buildConfigurationList = F2C9485B29D23516007A8B9A /* Build configuration list for PBXNativeTarget "DrinksApp" */;
			buildPhases = (
				F2C9484329D23515007A8B9A /* Sources */,
				F2C9484429D23515007A8B9A /* Frameworks */,
				F2C9484529D23515007A8B9A /* Resources */,
			);
			buildRules = (
			);
			dependencies = (
			);
			name = DrinksApp;
			productName = DrinksApp;
			productReference = F2C9484729D23515007A8B9A /* DrinksApp.app */;
			productType = "com.apple.product-type.application";
		};
/* End PBXNativeTarget section */

/* Begin PBXProject section */
		F2C9483F29D23515007A8B9A /* Project object */ = {
			isa = PBXProject;
			attributes = {
				BuildIndependentTargetsInParallel = 1;
				LastSwiftUpdateCheck = 1420;
				LastUpgradeCheck = 1420;
				TargetAttributes = {
					F2C9484629D23515007A8B9A = {
						CreatedOnToolsVersion = 14.2;
					};
				};
			};
			buildConfigurationList = F2C9484229D23515007A8B9A /* Build configuration list for PBXProject "DrinksApp" */;
			compatibilityVersion = "Xcode 14.0";
			developmentRegion = en;
			hasScannedForEncodings = 0;
			knownRegions = (
				en,
				Base,
			);
			mainGroup = F2C9483E29D23515007A8B9A;
			productRefGroup = F2C9484829D23515007A8B9A /* Products */;
			projectDirPath = "";
			projectRoot = "";
			targets = (
				F2C9484629D23515007A8B9A /* DrinksApp */,
			);
		};
/* End PBXProject section */

/* Begin PBXResourcesBuildPhase section */
		F2C9484529D23515007A8B9A /* Resources */ = {
			isa = PBXResourcesBuildPhase;
			buildActionMask = 2147483647;
			files = (
				F2C9485729D23516007A8B9A /* LaunchScreen.storyboard in Resources */,
				F2C9485429D23516007A8B9A /* Assets.xcassets in Resources */,
				F2C9485229D23515007A8B9A /* Main.storyboard in Resources */,
			);
			runOnlyForDeploymentPostprocessing = 0;
		};
/* End PBXResourcesBuildPhase section */

/* Begin PBXSourcesBuildPhase section */
		F2C9484329D23515007A8B9A /* Sources */ = {
			isa = PBXSourcesBuildPhase;
			buildActionMask = 2147483647;
			files = (
				F2C9484F29D23515007A8B9A /* MainViewController.swift in Sources */,
				F2C9484B29D23515007A8B9A /* AppDelegate.swift in Sources */,
				F2C9486B29D25C9E007A8B9A /* DrinksApp.xcdatamodeld in Sources */,
				F2C9486129D252BA007A8B9A /* NetworkManager.swift in Sources */,
				F2C9485F29D24D67007A8B9A /* DrinksTableViewCell.swift in Sources */,
				F2C9486829D25A2B007A8B9A /* DataController.swift in Sources */,
				F2C9486329D254F5007A8B9A /* DrinksModel.swift in Sources */,
				F2C9484D29D23515007A8B9A /* SceneDelegate.swift in Sources */,
			);
			runOnlyForDeploymentPostprocessing = 0;
		};
/* End PBXSourcesBuildPhase section */

/* Begin PBXVariantGroup section */
		F2C9485029D23515007A8B9A /* Main.storyboard */ = {
			isa = PBXVariantGroup;
			children = (
				F2C9485129D23515007A8B9A /* Base */,
			);
			name = Main.storyboard;
			sourceTree = "<group>";
		};
		F2C9485529D23516007A8B9A /* LaunchScreen.storyboard */ = {
			isa = PBXVariantGroup;
			children = (
				F2C9485629D23516007A8B9A /* Base */,
			);
			name = LaunchScreen.storyboard;
			sourceTree = "<group>";
		};
/* End PBXVariantGroup section */

/* Begin XCBuildConfiguration section */
		F2C9485929D23516007A8B9A /* Debug */ = {
			isa = XCBuildConfiguration;
			buildSettings = {
				ALWAYS_SEARCH_USER_PATHS = NO;
				CLANG_ANALYZER_NONNULL = YES;
				CLANG_ANALYZER_NUMBER_OBJECT_CONVERSION = YES_AGGRESSIVE;
				CLANG_CXX_LANGUAGE_STANDARD = "gnu++20";
				CLANG_ENABLE_MODULES = YES;
				CLANG_ENABLE_OBJC_ARC = YES;
				CLANG_ENABLE_OBJC_WEAK = YES;
				CLANG_WARN_BLOCK_CAPTURE_AUTORELEASING = YES;
				CLANG_WARN_BOOL_CONVERSION = YES;
				CLANG_WARN_COMMA = YES;
				CLANG_WARN_CONSTANT_CONVERSION = YES;
				CLANG_WARN_DEPRECATED_OBJC_IMPLEMENTATIONS = YES;
				CLANG_WARN_DIRECT_OBJC_ISA_USAGE = YES_ERROR;
				CLANG_WARN_DOCUMENTATION_COMMENTS = YES;
				CLANG_WARN_EMPTY_BODY = YES;
				CLANG_WARN_ENUM_CONVERSION = YES;
				CLANG_WARN_INFINITE_RECURSION = YES;
				CLANG_WARN_INT_CONVERSION = YES;
				CLANG_WARN_NON_LITERAL_NULL_CONVERSION = YES;
				CLANG_WARN_OBJC_IMPLICIT_RETAIN_SELF = YES;
				CLANG_WARN_OBJC_LITERAL_CONVERSION = YES;
				CLANG_WARN_OBJC_ROOT_CLASS = YES_ERROR;
				CLANG_WARN_QUOTED_INCLUDE_IN_FRAMEWORK_HEADER = YES;
				CLANG_WARN_RANGE_LOOP_ANALYSIS = YES;
				CLANG_WARN_STRICT_PROTOTYPES = YES;
				CLANG_WARN_SUSPICIOUS_MOVE = YES;
				CLANG_WARN_UNGUARDED_AVAILABILITY = YES_AGGRESSIVE;
				CLANG_WARN_UNREACHABLE_CODE = YES;
				CLANG_WARN__DUPLICATE_METHOD_MATCH = YES;
				COPY_PHASE_STRIP = NO;
				DEBUG_INFORMATION_FORMAT = dwarf;
				ENABLE_STRICT_OBJC_MSGSEND = YES;
				ENABLE_TESTABILITY = YES;
				GCC_C_LANGUAGE_STANDARD = gnu11;
				GCC_DYNAMIC_NO_PIC = NO;
				GCC_NO_COMMON_BLOCKS = YES;
				GCC_OPTIMIZATION_LEVEL = 0;
				GCC_PREPROCESSOR_DEFINITIONS = (
					"DEBUG=1",
					"$(inherited)",
				);
				GCC_WARN_64_TO_32_BIT_CONVERSION = YES;
				GCC_WARN_ABOUT_RETURN_TYPE = YES_ERROR;
				GCC_WARN_UNDECLARED_SELECTOR = YES;
				GCC_WARN_UNINITIALIZED_AUTOS = YES_AGGRESSIVE;
				GCC_WARN_UNUSED_FUNCTION = YES;
				GCC_WARN_UNUSED_VARIABLE = YES;
				IPHONEOS_DEPLOYMENT_TARGET = 16.2;
				MTL_ENABLE_DEBUG_INFO = INCLUDE_SOURCE;
				MTL_FAST_MATH = YES;
				ONLY_ACTIVE_ARCH = YES;
				SDKROOT = iphoneos;
				SWIFT_ACTIVE_COMPILATION_CONDITIONS = DEBUG;
				SWIFT_OPTIMIZATION_LEVEL = "-Onone";
			};
			name = Debug;
		};
		F2C9485A29D23516007A8B9A /* Release */ = {
			isa = XCBuildConfiguration;
			buildSettings = {
				ALWAYS_SEARCH_USER_PATHS = NO;
				CLANG_ANALYZER_NONNULL = YES;
				CLANG_ANALYZER_NUMBER_OBJECT_CONVERSION = YES_AGGRESSIVE;
				CLANG_CXX_LANGUAGE_STANDARD = "gnu++20";
				CLANG_ENABLE_MODULES = YES;
				CLANG_ENABLE_OBJC_ARC = YES;
				CLANG_ENABLE_OBJC_WEAK = YES;
				CLANG_WARN_BLOCK_CAPTURE_AUTORELEASING = YES;
				CLANG_WARN_BOOL_CONVERSION = YES;
				CLANG_WARN_COMMA = YES;
				CLANG_WARN_CONSTANT_CONVERSION = YES;
				CLANG_WARN_DEPRECATED_OBJC_IMPLEMENTATIONS = YES;
				CLANG_WARN_DIRECT_OBJC_ISA_USAGE = YES_ERROR;
				CLANG_WARN_DOCUMENTATION_COMMENTS = YES;
				CLANG_WARN_EMPTY_BODY = YES;
				CLANG_WARN_ENUM_CONVERSION = YES;
				CLANG_WARN_INFINITE_RECURSION = YES;
				CLANG_WARN_INT_CONVERSION = YES;
				CLANG_WARN_NON_LITERAL_NULL_CONVERSION = YES;
				CLANG_WARN_OBJC_IMPLICIT_RETAIN_SELF = YES;
				CLANG_WARN_OBJC_LITERAL_CONVERSION = YES;
				CLANG_WARN_OBJC_ROOT_CLASS = YES_ERROR;
				CLANG_WARN_QUOTED_INCLUDE_IN_FRAMEWORK_HEADER = YES;
				CLANG_WARN_RANGE_LOOP_ANALYSIS = YES;
				CLANG_WARN_STRICT_PROTOTYPES = YES;
				CLANG_WARN_SUSPICIOUS_MOVE = YES;
				CLANG_WARN_UNGUARDED_AVAILABILITY = YES_AGGRESSIVE;
				CLANG_WARN_UNREACHABLE_CODE = YES;
				CLANG_WARN__DUPLICATE_METHOD_MATCH = YES;
				COPY_PHASE_STRIP = NO;
				DEBUG_INFORMATION_FORMAT = "dwarf-with-dsym";
				ENABLE_NS_ASSERTIONS = NO;
				ENABLE_STRICT_OBJC_MSGSEND = YES;
				GCC_C_LANGUAGE_STANDARD = gnu11;
				GCC_NO_COMMON_BLOCKS = YES;
				GCC_WARN_64_TO_32_BIT_CONVERSION = YES;
				GCC_WARN_ABOUT_RETURN_TYPE = YES_ERROR;
				GCC_WARN_UNDECLARED_SELECTOR = YES;
				GCC_WARN_UNINITIALIZED_AUTOS = YES_AGGRESSIVE;
				GCC_WARN_UNUSED_FUNCTION = YES;
				GCC_WARN_UNUSED_VARIABLE = YES;
				IPHONEOS_DEPLOYMENT_TARGET = 16.2;
				MTL_ENABLE_DEBUG_INFO = NO;
				MTL_FAST_MATH = YES;
				SDKROOT = iphoneos;
				SWIFT_COMPILATION_MODE = wholemodule;
				SWIFT_OPTIMIZATION_LEVEL = "-O";
				VALIDATE_PRODUCT = YES;
			};
			name = Release;
		};
		F2C9485C29D23516007A8B9A /* Debug */ = {
			isa = XCBuildConfiguration;
			buildSettings = {
				ASSETCATALOG_COMPILER_APPICON_NAME = AppIcon;
				ASSETCATALOG_COMPILER_GLOBAL_ACCENT_COLOR_NAME = AccentColor;
				CODE_SIGN_STYLE = Automatic;
				CURRENT_PROJECT_VERSION = 1;
				DEVELOPMENT_TEAM = 3T6QCF5F9J;
				GENERATE_INFOPLIST_FILE = YES;
				INFOPLIST_FILE = DrinksApp/Info.plist;
				INFOPLIST_KEY_UIApplicationSupportsIndirectInputEvents = YES;
				INFOPLIST_KEY_UILaunchStoryboardName = LaunchScreen;
				INFOPLIST_KEY_UIMainStoryboardFile = Main;
				INFOPLIST_KEY_UISupportedInterfaceOrientations_iPad = "UIInterfaceOrientationPortrait UIInterfaceOrientationPortraitUpsideDown UIInterfaceOrientationLandscapeLeft UIInterfaceOrientationLandscapeRight";
				INFOPLIST_KEY_UISupportedInterfaceOrientations_iPhone = "UIInterfaceOrientationPortrait UIInterfaceOrientationLandscapeLeft UIInterfaceOrientationLandscapeRight";
				LD_RUNPATH_SEARCH_PATHS = (
					"$(inherited)",
					"@executable_path/Frameworks",
				);
				MARKETING_VERSION = 1.0;
				PRODUCT_BUNDLE_IDENTIFIER = br.com.drinks.DrinksApp;
				PRODUCT_NAME = "$(TARGET_NAME)";
				SWIFT_EMIT_LOC_STRINGS = YES;
				SWIFT_VERSION = 5.0;
				TARGETED_DEVICE_FAMILY = "1,2";
			};
			name = Debug;
		};
		F2C9485D29D23516007A8B9A /* Release */ = {
			isa = XCBuildConfiguration;
			buildSettings = {
				ASSETCATALOG_COMPILER_APPICON_NAME = AppIcon;
				ASSETCATALOG_COMPILER_GLOBAL_ACCENT_COLOR_NAME = AccentColor;
				CODE_SIGN_STYLE = Automatic;
				CURRENT_PROJECT_VERSION = 1;
				DEVELOPMENT_TEAM = 3T6QCF5F9J;
				GENERATE_INFOPLIST_FILE = YES;
				INFOPLIST_FILE = DrinksApp/Info.plist;
				INFOPLIST_KEY_UIApplicationSupportsIndirectInputEvents = YES;
				INFOPLIST_KEY_UILaunchStoryboardName = LaunchScreen;
				INFOPLIST_KEY_UIMainStoryboardFile = Main;
				INFOPLIST_KEY_UISupportedInterfaceOrientations_iPad = "UIInterfaceOrientationPortrait UIInterfaceOrientationPortraitUpsideDown UIInterfaceOrientationLandscapeLeft UIInterfaceOrientationLandscapeRight";
				INFOPLIST_KEY_UISupportedInterfaceOrientations_iPhone = "UIInterfaceOrientationPortrait UIInterfaceOrientationLandscapeLeft UIInterfaceOrientationLandscapeRight";
				LD_RUNPATH_SEARCH_PATHS = (
					"$(inherited)",
					"@executable_path/Frameworks",
				);
				MARKETING_VERSION = 1.0;
				PRODUCT_BUNDLE_IDENTIFIER = br.com.drinks.DrinksApp;
				PRODUCT_NAME = "$(TARGET_NAME)";
				SWIFT_EMIT_LOC_STRINGS = YES;
				SWIFT_VERSION = 5.0;
				TARGETED_DEVICE_FAMILY = "1,2";
			};
			name = Release;
		};
/* End XCBuildConfiguration section */

/* Begin XCConfigurationList section */
		F2C9484229D23515007A8B9A /* Build configuration list for PBXProject "DrinksApp" */ = {
			isa = XCConfigurationList;
			buildConfigurations = (
				F2C9485929D23516007A8B9A /* Debug */,
				F2C9485A29D23516007A8B9A /* Release */,
			);
			defaultConfigurationIsVisible = 0;
			defaultConfigurationName = Release;
		};
		F2C9485B29D23516007A8B9A /* Build configuration list for PBXNativeTarget "DrinksApp" */ = {
			isa = XCConfigurationList;
			buildConfigurations = (
				F2C9485C29D23516007A8B9A /* Debug */,
				F2C9485D29D23516007A8B9A /* Release */,
			);
			defaultConfigurationIsVisible = 0;
			defaultConfigurationName = Release;
		};
/* End XCConfigurationList section */

/* Begin XCVersionGroup section */
		F2C9486929D25C9E007A8B9A /* DrinksApp.xcdatamodeld */ = {
			isa = XCVersionGroup;
			children = (
				F2C9486A29D25C9E007A8B9A /* DrinksApp.xcdatamodel */,
			);
			currentVersion = F2C9486A29D25C9E007A8B9A /* DrinksApp.xcdatamodel */;
			path = DrinksApp.xcdatamodeld;
			sourceTree = "<group>";
			versionGroupType = wrapper.xcdatamodel;
		};
/* End XCVersionGroup section */
	};
	rootObject = F2C9483F29D23515007A8B9A /* Project object */;
}
